{
  "name": "sai-assist",
  "version": "0.2.0",
  "lockfileVersion": 3,
  "requires": true,
  "packages": {
    "": {
      "name": "sai-assist",
      "version": "0.2.0",
      "license": "MIT",
      "dependencies": {
        "sai-assist": "file:"
      },
      "engines": {
        "node": ">=18"
      }
    },
    "node_modules/sai-assist": {
      "resolved": "",
      "link": true
    }
  }
}
